// !$*UTF8*$!
{
	archiveVersion = 1;
	classes = {
	};
	objectVersion = 46;
	objects = {

/* Begin PBXBuildFile section */
		CF2251521BB0952C00AF32C1 /* AppDelegate.swift in Sources */ = {isa = PBXBuildFile; fileRef = CF2251511BB0952C00AF32C1 /* AppDelegate.swift */; };
		CF2251541BB0952C00AF32C1 /* ViewController.swift in Sources */ = {isa = PBXBuildFile; fileRef = CF2251531BB0952C00AF32C1 /* ViewController.swift */; };
		CF2251571BB0952C00AF32C1 /* Main.storyboard in Resources */ = {isa = PBXBuildFile; fileRef = CF2251551BB0952C00AF32C1 /* Main.storyboard */; };
		CF2251591BB0952C00AF32C1 /* Images.xcassets in Resources */ = {isa = PBXBuildFile; fileRef = CF2251581BB0952C00AF32C1 /* Images.xcassets */; };
		CF22515C1BB0952C00AF32C1 /* LaunchScreen.xib in Resources */ = {isa = PBXBuildFile; fileRef = CF22515A1BB0952C00AF32C1 /* LaunchScreen.xib */; };
		CF2251681BB0952C00AF32C1 /* Earthquakes_At_a_GlanceTests.swift in Sources */ = {isa = PBXBuildFile; fileRef = CF2251671BB0952C00AF32C1 /* Earthquakes_At_a_GlanceTests.swift */; };
		CF2251721BB0D5CE00AF32C1 /* bg.jpeg in Resources */ = {isa = PBXBuildFile; fileRef = CF2251711BB0D5CE00AF32C1 /* bg.jpeg */; };
/* End PBXBuildFile section */

/* Begin PBXContainerItemProxy section */
		CF2251621BB0952C00AF32C1 /* PBXContainerItemProxy */ = {
			isa = PBXContainerItemProxy;
			containerPortal = CF2251441BB0952C00AF32C1 /* Project object */;
			proxyType = 1;
			remoteGlobalIDString = CF22514B1BB0952C00AF32C1;
			remoteInfo = "Earthquakes At a Glance";
		};
/* End PBXContainerItemProxy section */

/* Begin PBXFileReference section */
		CF22514C1BB0952C00AF32C1 /* Earthquakes At a Glance.app */ = {isa = PBXFileReference; explicitFileType = wrapper.application; includeInIndex = 0; path = "Earthquakes At a Glance.app"; sourceTree = BUILT_PRODUCTS_DIR; };
		CF2251501BB0952C00AF32C1 /* Info.plist */ = {isa = PBXFileReference; lastKnownFileType = text.plist.xml; path = Info.plist; sourceTree = "<group>"; };
		CF2251511BB0952C00AF32C1 /* AppDelegate.swift */ = {isa = PBXFileReference; lastKnownFileType = sourcecode.swift; path = AppDelegate.swift; sourceTree = "<group>"; };
		CF2251531BB0952C00AF32C1 /* ViewController.swift */ = {isa = PBXFileReference; lastKnownFileType = sourcecode.swift; path = ViewController.swift; sourceTree = "<group>"; };
		CF2251561BB0952C00AF32C1 /* Base */ = {isa = PBXFileReference; lastKnownFileType = file.storyboard; name = Base; path = Base.lproj/Main.storyboard; sourceTree = "<group>"; };
		CF2251581BB0952C00AF32C1 /* Images.xcassets */ = {isa = PBXFileReference; lastKnownFileType = folder.assetcatalog; path = Images.xcassets; sourceTree = "<group>"; };
		CF22515B1BB0952C00AF32C1 /* Base */ = {isa = PBXFileReference; lastKnownFileType = file.xib; name = Base; path = Base.lproj/LaunchScreen.xib; sourceTree = "<group>"; };
		CF2251611BB0952C00AF32C1 /* Earthquakes At a GlanceTests.xctest */ = {isa = PBXFileReference; explicitFileType = wrapper.cfbundle; includeInIndex = 0; path = "Earthquakes At a GlanceTests.xctest"; sourceTree = BUILT_PRODUCTS_DIR; };
		CF2251661BB0952C00AF32C1 /* Info.plist */ = {isa = PBXFileReference; lastKnownFileType = text.plist.xml; path = Info.plist; sourceTree = "<group>"; };
		CF2251671BB0952C00AF32C1 /* Earthquakes_At_a_GlanceTests.swift */ = {isa = PBXFileReference; lastKnownFileType = sourcecode.swift; path = Earthquakes_At_a_GlanceTests.swift; sourceTree = "<group>"; };
		CF2251711BB0D5CE00AF32C1 /* bg.jpeg */ = {isa = PBXFileReference; lastKnownFileType = image.jpeg; path = bg.jpeg; sourceTree = "<group>"; };
/* End PBXFileReference section */

/* Begin PBXFrameworksBuildPhase section */
		CF2251491BB0952C00AF32C1 /* Frameworks */ = {
			isa = PBXFrameworksBuildPhase;
			buildActionMask = 2147483647;
			files = (
			);
			runOnlyForDeploymentPostprocessing = 0;
		};
		CF22515E1BB0952C00AF32C1 /* Frameworks */ = {
			isa = PBXFrameworksBuildPhase;
			buildActionMask = 2147483647;
			files = (
			);
			runOnlyForDeploymentPostprocessing = 0;
		};
/* End PBXFrameworksBuildPhase section */

/* Begin PBXGroup section */
		CF2251431BB0952C00AF32C1 = {
			isa = PBXGroup;
			children = (
				CF22514E1BB0952C00AF32C1 /* Earthquakes At a Glance */,
				CF2251641BB0952C00AF32C1 /* Earthquakes At a GlanceTests */,
				CF22514D1BB0952C00AF32C1 /* Products */,
			);
			sourceTree = "<group>";
		};
		CF22514D1BB0952C00AF32C1 /* Products */ = {
			isa = PBXGroup;
			children = (
				CF22514C1BB0952C00AF32C1 /* Earthquakes At a Glance.app */,
				CF2251611BB0952C00AF32C1 /* Earthquakes At a GlanceTests.xctest */,
			);
			name = Products;
			sourceTree = "<group>";
		};
		CF22514E1BB0952C00AF32C1 /* Earthquakes At a Glance */ = {
			isa = PBXGroup;
			children = (
				CF2251711BB0D5CE00AF32C1 /* bg.jpeg */,
				CF2251511BB0952C00AF32C1 /* AppDelegate.swift */,
				CF2251531BB0952C00AF32C1 /* ViewController.swift */,
				CF2251551BB0952C00AF32C1 /* Main.storyboard */,
				CF2251581BB0952C00AF32C1 /* Images.xcassets */,
				CF22515A1BB0952C00AF32C1 /* LaunchScreen.xib */,
				CF22514F1BB0952C00AF32C1 /* Supporting Files */,
			);
			path = "Earthquakes At a Glance";
			sourceTree = "<group>";
		};
		CF22514F1BB0952C00AF32C1 /* Supporting Files */ = {
			isa = PBXGroup;
			children = (
				CF2251501BB0952C00AF32C1 /* Info.plist */,
			);
			name = "Supporting Files";
			sourceTree = "<group>";
		};
		CF2251641BB0952C00AF32C1 /* Earthquakes At a GlanceTests */ = {
			isa = PBXGroup;
			children = (
				CF2251671BB0952C00AF32C1 /* Earthquakes_At_a_GlanceTests.swift */,
				CF2251651BB0952C00AF32C1 /* Supporting Files */,
			);
			path = "Earthquakes At a GlanceTests";
			sourceTree = "<group>";
		};
		CF2251651BB0952C00AF32C1 /* Supporting Files */ = {
			isa = PBXGroup;
			children = (
				CF2251661BB0952C00AF32C1 /* Info.plist */,
			);
			name = "Supporting Files";
			sourceTree = "<group>";
		};
/* End PBXGroup section */

/* Begin PBXNativeTarget section */
		CF22514B1BB0952C00AF32C1 /* Earthquakes At a Glance */ = {
			isa = PBXNativeTarget;
			buildConfigurationList = CF22516B1BB0952C00AF32C1 /* Build configuration list for PBXNativeTarget "Earthquakes At a Glance" */;
			buildPhases = (
				CF2251481BB0952C00AF32C1 /* Sources */,
				CF2251491BB0952C00AF32C1 /* Frameworks */,
				CF22514A1BB0952C00AF32C1 /* Resources */,
			);
			buildRules = (
			);
			dependencies = (
			);
			name = "Earthquakes At a Glance";
			productName = "Earthquakes At a Glance";
			productReference = CF22514C1BB0952C00AF32C1 /* Earthquakes At a Glance.app */;
			productType = "com.apple.product-type.application";
		};
		CF2251601BB0952C00AF32C1 /* Earthquakes At a GlanceTests */ = {
			isa = PBXNativeTarget;
			buildConfigurationList = CF22516E1BB0952C00AF32C1 /* Build configuration list for PBXNativeTarget "Earthquakes At a GlanceTests" */;
			buildPhases = (
				CF22515D1BB0952C00AF32C1 /* Sources */,
				CF22515E1BB0952C00AF32C1 /* Frameworks */,
				CF22515F1BB0952C00AF32C1 /* Resources */,
			);
			buildRules = (
			);
			dependencies = (
				CF2251631BB0952C00AF32C1 /* PBXTargetDependency */,
			);
			name = "Earthquakes At a GlanceTests";
			productName = "Earthquakes At a GlanceTests";
			productReference = CF2251611BB0952C00AF32C1 /* Earthquakes At a GlanceTests.xctest */;
			productType = "com.apple.product-type.bundle.unit-test";
		};
/* End PBXNativeTarget section */

/* Begin PBXProject section */
		CF2251441BB0952C00AF32C1 /* Project object */ = {
			isa = PBXProject;
			attributes = {
				LastSwiftMigration = 0720;
				LastSwiftUpdateCheck = 0720;
				LastUpgradeCheck = 0640;
				ORGANIZATIONNAME = JBC;
				TargetAttributes = {
					CF22514B1BB0952C00AF32C1 = {
						CreatedOnToolsVersion = 6.4;
					};
					CF2251601BB0952C00AF32C1 = {
						CreatedOnToolsVersion = 6.4;
						TestTargetID = CF22514B1BB0952C00AF32C1;
					};
				};
			};
			buildConfigurationList = CF2251471BB0952C00AF32C1 /* Build configuration list for PBXProject "Earthquakes At a Glance" */;
			compatibilityVersion = "Xcode 3.2";
			developmentRegion = English;
			hasScannedForEncodings = 0;
			knownRegions = (
				en,
				Base,
			);
			mainGroup = CF2251431BB0952C00AF32C1;
			productRefGroup = CF22514D1BB0952C00AF32C1 /* Products */;
			projectDirPath = "";
			projectRoot = "";
			targets = (
				CF22514B1BB0952C00AF32C1 /* Earthquakes At a Glance */,
				CF2251601BB0952C00AF32C1 /* Earthquakes At a GlanceTests */,
			);
		};
/* End PBXProject section */

/* Begin PBXResourcesBuildPhase section */
		CF22514A1BB0952C00AF32C1 /* Resources */ = {
			isa = PBXResourcesBuildPhase;
			buildActionMask = 2147483647;
			files = (
				CF2251721BB0D5CE00AF32C1 /* bg.jpeg in Resources */,
				CF2251571BB0952C00AF32C1 /* Main.storyboard in Resources */,
				CF22515C1BB0952C00AF32C1 /* LaunchScreen.xib in Resources */,
				CF2251591BB0952C00AF32C1 /* Images.xcassets in Resources */,
			);
			runOnlyForDeploymentPostprocessing = 0;
		};
		CF22515F1BB0952C00AF32C1 /* Resources */ = {
			isa = PBXResourcesBuildPhase;
			buildActionMask = 2147483647;
			files = (
			);
			runOnlyForDeploymentPostprocessing = 0;
		};
/* End PBXResourcesBuildPhase section */

/* Begin PBXSourcesBuildPhase section */
		CF2251481BB0952C00AF32C1 /* Sources */ = {
			isa = PBXSourcesBuildPhase;
			buildActionMask = 2147483647;
			files = (
				CF2251541BB0952C00AF32C1 /* ViewController.swift in Sources */,
				CF2251521BB0952C00AF32C1 /* AppDelegate.swift in Sources */,
			);
			runOnlyForDeploymentPostprocessing = 0;
		};
		CF22515D1BB0952C00AF32C1 /* Sources */ = {
			isa = PBXSourcesBuildPhase;
			buildActionMask = 2147483647;
			files = (
				CF2251681BB0952C00AF32C1 /* Earthquakes_At_a_GlanceTests.swift in Sources */,
			);
			runOnlyForDeploymentPostprocessing = 0;
		};
/* End PBXSourcesBuildPhase section */

/* Begin PBXTargetDependency section */
		CF2251631BB0952C00AF32C1 /* PBXTargetDependency */ = {
			isa = PBXTargetDependency;
			target = CF22514B1BB0952C00AF32C1 /* Earthquakes At a Glance */;
			targetProxy = CF2251621BB0952C00AF32C1 /* PBXContainerItemProxy */;
		};
/* End PBXTargetDependency section */

/* Begin PBXVariantGroup section */
		CF2251551BB0952C00AF32C1 /* Main.storyboard */ = {
			isa = PBXVariantGroup;
			children = (
				CF2251561BB0952C00AF32C1 /* Base */,
			);
			name = Main.storyboard;
			sourceTree = "<group>";
		};
		CF22515A1BB0952C00AF32C1 /* LaunchScreen.xib */ = {
			isa = PBXVariantGroup;
			children = (
				CF22515B1BB0952C00AF32C1 /* Base */,
			);
			name = LaunchScreen.xib;
			sourceTree = "<group>";
		};
/* End PBXVariantGroup section */

/* Begin XCBuildConfiguration section */
		CF2251691BB0952C00AF32C1 /* Debug */ = {
			isa = XCBuildConfiguration;
			buildSettings = {
				ALWAYS_SEARCH_USER_PATHS = NO;
				CLANG_CXX_LANGUAGE_STANDARD = "gnu++0x";
				CLANG_CXX_LIBRARY = "libc++";
				CLANG_ENABLE_MODULES = YES;
				CLANG_ENABLE_OBJC_ARC = YES;
				CLANG_WARN_BOOL_CONVERSION = YES;
				CLANG_WARN_CONSTANT_CONVERSION = YES;
				CLANG_WARN_DIRECT_OBJC_ISA_USAGE = YES_ERROR;
				CLANG_WARN_EMPTY_BODY = YES;
				CLANG_WARN_ENUM_CONVERSION = YES;
				CLANG_WARN_INT_CONVERSION = YES;
				CLANG_WARN_OBJC_ROOT_CLASS = YES_ERROR;
				CLANG_WARN_UNREACHABLE_CODE = YES;
				CLANG_WARN__DUPLICATE_METHOD_MATCH = YES;
				"CODE_SIGN_IDENTITY[sdk=iphoneos*]" = "iPhone Developer";
				COPY_PHASE_STRIP = NO;
				DEBUG_INFORMATION_FORMAT = "dwarf-with-dsym";
				ENABLE_STRICT_OBJC_MSGSEND = YES;
				GCC_C_LANGUAGE_STANDARD = gnu99;
				GCC_DYNAMIC_NO_PIC = NO;
				GCC_NO_COMMON_BLOCKS = YES;
				GCC_OPTIMIZATION_LEVEL = 0;
				GCC_PREPROCESSOR_DEFINITIONS = (
					"DEBUG=1",
					"$(inherited)",
				);
				GCC_SYMBOLS_PRIVATE_EXTERN = NO;
				GCC_WARN_64_TO_32_BIT_CONVERSION = YES;
				GCC_WARN_ABOUT_RETURN_TYPE = YES_ERROR;
				GCC_WARN_UNDECLARED_SELECTOR = YES;
				GCC_WARN_UNINITIALIZED_AUTOS = YES_AGGRESSIVE;
				GCC_WARN_UNUSED_FUNCTION = YES;
				GCC_WARN_UNUSED_VARIABLE = YES;
				IPHONEOS_DEPLOYMENT_TARGET = 8.4;
				MTL_ENABLE_DEBUG_INFO = YES;
				ONLY_ACTIVE_ARCH = YES;
				SDKROOT = iphoneos;
				SWIFT_OPTIMIZATION_LEVEL = "-Onone";
			};
			name = Debug;
		};
		CF22516A1BB0952C00AF32C1 /* Release */ = {
			isa = XCBuildConfiguration;
			buildSettings = {
				ALWAYS_SEARCH_USER_PATHS = NO;
				CLANG_CXX_LANGUAGE_STANDARD = "gnu++0x";
				CLANG_CXX_LIBRARY = "libc++";
				CLANG_ENABLE_MODULES = YES;
				CLANG_ENABLE_OBJC_ARC = YES;
				CLANG_WARN_BOOL_CONVERSION = YES;
				CLANG_WARN_CONSTANT_CONVERSION = YES;
				CLANG_WARN_DIRECT_OBJC_ISA_USAGE = YES_ERROR;
				CLANG_WARN_EMPTY_BODY = YES;
				CLANG_WARN_ENUM_CONVERSION = YES;
				CLANG_WARN_INT_CONVERSION = YES;
				CLANG_WARN_OBJC_ROOT_CLASS = YES_ERROR;
				CLANG_WARN_UNREACHABLE_CODE = YES;
				CLANG_WARN__DUPLICATE_METHOD_MATCH = YES;
				"CODE_SIGN_IDENTITY[sdk=iphoneos*]" = "iPhone Developer";
				COPY_PHASE_STRIP = NO;
				DEBUG_INFORMATION_FORMAT = "dwarf-with-dsym";
				ENABLE_NS_ASSERTIONS = NO;
				ENABLE_STRICT_OBJC_MSGSEND = YES;
				GCC_C_LANGUAGE_STANDARD = gnu99;
				GCC_NO_COMMON_BLOCKS = YES;
				GCC_WARN_64_TO_32_BIT_CONVERSION = YES;
				GCC_WARN_ABOUT_RETURN_TYPE = YES_ERROR;
				GCC_WARN_UNDECLARED_SELECTOR = YES;
				GCC_WARN_UNINITIALIZED_AUTOS = YES_AGGRESSIVE;
				GCC_WARN_UNUSED_FUNCTION = YES;
				GCC_WARN_UNUSED_VARIABLE = YES;
				IPHONEOS_DEPLOYMENT_TARGET = 8.4;
				MTL_ENABLE_DEBUG_INFO = NO;
				SDKROOT = iphoneos;
				VALIDATE_PRODUCT = YES;
			};
			name = Release;
		};
		CF22516C1BB0952C00AF32C1 /* Debug */ = {
			isa = XCBuildConfiguration;
			buildSettings = {
				ASSETCATALOG_COMPILER_APPICON_NAME = AppIcon;
				INFOPLIST_FILE = "Earthquakes At a Glance/Info.plist";
				LD_RUNPATH_SEARCH_PATHS = "$(inherited) @executable_path/Frameworks";
				PRODUCT_NAME = "$(TARGET_NAME)";
			};
			name = Debug;
		};
		CF22516D1BB0952C00AF32C1 /* Release */ = {
			isa = XCBuildConfiguration;
			buildSettings = {
				ASSETCATALOG_COMPILER_APPICON_NAME = AppIcon;
				INFOPLIST_FILE = "Earthquakes At a Glance/Info.plist";
				LD_RUNPATH_SEARCH_PATHS = "$(inherited) @executable_path/Frameworks";
				PRODUCT_NAME = "$(TARGET_NAME)";
			};
			name = Release;
		};
		CF22516F1BB0952C00AF32C1 /* Debug */ = {
			isa = XCBuildConfiguration;
			buildSettings = {
				BUNDLE_LOADER = "$(TEST_HOST)";
				FRAMEWORK_SEARCH_PATHS = (
					"$(SDKROOT)/Developer/Library/Frameworks",
					"$(inherited)",
				);
				GCC_PREPROCESSOR_DEFINITIONS = (
					"DEBUG=1",
					"$(inherited)",
				);
				INFOPLIST_FILE = "Earthquakes At a GlanceTests/Info.plist";
				LD_RUNPATH_SEARCH_PATHS = "$(inherited) @executable_path/Frameworks @loader_path/Frameworks";
				PRODUCT_NAME = "$(TARGET_NAME)";
				TEST_HOST = "$(BUILT_PRODUCTS_DIR)/Earthquakes At a Glance.app/Earthquakes At a Glance";
			};
			name = Debug;
		};
		CF2251701BB0952C00AF32C1 /* Release */ = {
			isa = XCBuildConfiguration;
			buildSettings = {
				BUNDLE_LOADER = "$(TEST_HOST)";
				FRAMEWORK_SEARCH_PATHS = (
					"$(SDKROOT)/Developer/Library/Frameworks",
					"$(inherited)",
				);
				INFOPLIST_FILE = "Earthquakes At a GlanceTests/Info.plist";
				LD_RUNPATH_SEARCH_PATHS = "$(inherited) @executable_path/Frameworks @loader_path/Frameworks";
				PRODUCT_NAME = "$(TARGET_NAME)";
				TEST_HOST = "$(BUILT_PRODUCTS_DIR)/Earthquakes At a Glance.app/Earthquakes At a Glance";
			};
			name = Release;
		};
/* End XCBuildConfiguration section */

/* Begin XCConfigurationList section */
		CF2251471BB0952C00AF32C1 /* Build configuration list for PBXProject "Earthquakes At a Glance" */ = {
			isa = XCConfigurationList;
			buildConfigurations = (
				CF2251691BB0952C00AF32C1 /* Debug */,
				CF22516A1BB0952C00AF32C1 /* Release */,
			);
			defaultConfigurationIsVisible = 0;
			defaultConfigurationName = Release;
		};
		CF22516B1BB0952C00AF32C1 /* Build configuration list for PBXNativeTarget "Earthquakes At a Glance" */ = {
			isa = XCConfigurationList;
			buildConfigurations = (
				CF22516C1BB0952C00AF32C1 /* Debug */,
				CF22516D1BB0952C00AF32C1 /* Release */,
			);
			defaultConfigurationIsVisible = 0;
			defaultConfigurationName = Release;
		};
		CF22516E1BB0952C00AF32C1 /* Build configuration list for PBXNativeTarget "Earthquakes At a GlanceTests" */ = {
			isa = XCConfigurationList;
			buildConfigurations = (
				CF22516F1BB0952C00AF32C1 /* Debug */,
				CF2251701BB0952C00AF32C1 /* Release */,
			);
			defaultConfigurationIsVisible = 0;
			defaultConfigurationName = Release;
		};
/* End XCConfigurationList section */
	};
	rootObject = CF2251441BB0952C00AF32C1 /* Project object */;
}
